# This file is autogenerated, do not edit; changes may be undone by the next 'dep ensure'.


[[projects]]
  name = "github.com/BurntSushi/toml"
  packages = ["."]
  revision = "3012a1dbe2e4bd1391d42b32f0577cb7bbc7f005"
  version = "v0.3.1"

[[projects]]
  name = "github.com/dghubble/oauth1"
  packages = ["."]
  revision = "19d7291ba290f420ccea50e076322aca95f27fcd"
  version = "v0.6.0"

[solve-meta]
  analyzer-name = "dep"
  analyzer-version = 1
  inputs-digest = "28ae0051323f5a534827c3d25e984dd37b00e08177b5d5e945bc8fca8735f75b"
  solver-name = "gps-cdcl"
  solver-version = 1
